
Microsoft Visual Studio Solution File, Format Version 12.00
# Visual Studio Version 17
VisualStudioVersion = 17.9.34728.123
MinimumVisualStudioVersion = 10.0.40219.1
Project("{FAE04EC0-301F-11D3-BF4B-00C04F79EFBC}") = "Ejercicio4c4030349", "Ejercicio4c4030349\Ejercicio4c4030349.csproj", "{4ED75A12-B1F9-47A7-88C8-6B92EAC57BC9}"
EndProject
Global
	GlobalSection(SolutionConfigurationPlatforms) = preSolution
		Debug|Any CPU = Debug|Any CPU
		Release|Any CPU = Release|Any CPU
	EndGlobalSection
	GlobalSection(ProjectConfigurationPlatforms) = postSolution
		{4ED75A12-B1F9-47A7-88C8-6B92EAC57BC9}.Debug|Any CPU.ActiveCfg = Debug|Any CPU
		{4ED75A12-B1F9-47A7-88C8-6B92EAC57BC9}.Debug|Any CPU.Build.0 = Debug|Any CPU
		{4ED75A12-B1F9-47A7-88C8-6B92EAC57BC9}.Debug|Any CPU.Deploy.0 = Debug|Any CPU
		{4ED75A12-B1F9-47A7-88C8-6B92EAC57BC9}.Release|Any CPU.ActiveCfg = Release|Any CPU
		{4ED75A12-B1F9-47A7-88C8-6B92EAC57BC9}.Release|Any CPU.Build.0 = Release|Any CPU
		{4ED75A12-B1F9-47A7-88C8-6B92EAC57BC9}.Release|Any CPU.Deploy.0 = Release|Any CPU
	EndGlobalSection
	GlobalSection(SolutionProperties) = preSolution
		HideSolutionNode = FALSE
	EndGlobalSection
	GlobalSection(ExtensibilityGlobals) = postSolution
		SolutionGuid = {83B59198-80DC-402E-B31F-068793F5439F}
	EndGlobalSection
EndGlobal
